
Microsoft Visual Studio Solution File, Format Version 12.00
# Visual Studio Version 16
VisualStudioVersion = 16.0.30717.126
MinimumVisualStudioVersion = 10.0.40219.1
Project("{FAE04EC0-301F-11D3-BF4B-00C04F79EFBC}") = "ObjectCloner", "ObjectCloner.csproj", "{E110EC5B-F8DF-4DB9-A8DF-98826E9C9203}"
EndProject
Global
	GlobalSection(SolutionConfigurationPlatforms) = preSolution
		Debug|Any CPU = Debug|Any CPU
		Release|Any CPU = Release|Any CPU
	EndGlobalSection
	GlobalSection(ProjectConfigurationPlatforms) = postSolution
		{E110EC5B-F8DF-4DB9-A8DF-98826E9C9203}.Debug|Any CPU.ActiveCfg = Debug|Any CPU
		{E110EC5B-F8DF-4DB9-A8DF-98826E9C9203}.Debug|Any CPU.Build.0 = Debug|Any CPU
		{E110EC5B-F8DF-4DB9-A8DF-98826E9C9203}.Release|Any CPU.ActiveCfg = Release|Any CPU
		{E110EC5B-F8DF-4DB9-A8DF-98826E9C9203}.Release|Any CPU.Build.0 = Release|Any CPU
	EndGlobalSection
	GlobalSection(SolutionProperties) = preSolution
		HideSolutionNode = FALSE
	EndGlobalSection
	GlobalSection(ExtensibilityGlobals) = postSolution
		SolutionGuid = {54E0CC17-AD7D-45D3-8951-6E29303E813C}
	EndGlobalSection
EndGlobal
