
Microsoft Visual Studio Solution File, Format Version 12.00
# Visual Studio Version 16
VisualStudioVersion = 16.0.30907.101
MinimumVisualStudioVersion = 10.0.40219.1
Project("{9A19103F-16F7-4668-BE54-9A1E7A4F7556}") = "ObjectCloner", "ObjectCloner.csproj", "{94510474-CE3D-489C-BC36-08357804C6D2}"
EndProject
Global
	GlobalSection(SolutionConfigurationPlatforms) = preSolution
		Debug|Any CPU = Debug|Any CPU
		Release|Any CPU = Release|Any CPU
	EndGlobalSection
	GlobalSection(ProjectConfigurationPlatforms) = postSolution
		{94510474-CE3D-489C-BC36-08357804C6D2}.Debug|Any CPU.ActiveCfg = Debug|Any CPU
		{94510474-CE3D-489C-BC36-08357804C6D2}.Debug|Any CPU.Build.0 = Debug|Any CPU
		{94510474-CE3D-489C-BC36-08357804C6D2}.Release|Any CPU.ActiveCfg = Release|Any CPU
		{94510474-CE3D-489C-BC36-08357804C6D2}.Release|Any CPU.Build.0 = Release|Any CPU
	EndGlobalSection
	GlobalSection(SolutionProperties) = preSolution
		HideSolutionNode = FALSE
	EndGlobalSection
	GlobalSection(ExtensibilityGlobals) = postSolution
		SolutionGuid = {D7266E87-C60C-4CD2-B476-ED133D3FA8AB}
	EndGlobalSection
EndGlobal
